// !$*UTF8*$!
{
	archiveVersion = 1;
	classes = {
	};
	objectVersion = 46;
	objects = {

/* Begin PBXBuildFile section */
		50E06BD71BB77BDA00A9F5CE /* main.m in Sources */ = {isa = PBXBuildFile; fileRef = 50E06BD61BB77BDA00A9F5CE /* main.m */; };
		50E06BDA1BB77BDA00A9F5CE /* AppDelegate.m in Sources */ = {isa = PBXBuildFile; fileRef = 50E06BD91BB77BDA00A9F5CE /* AppDelegate.m */; };
		50E06BDD1BB77BDA00A9F5CE /* ViewController.m in Sources */ = {isa = PBXBuildFile; fileRef = 50E06BDC1BB77BDA00A9F5CE /* ViewController.m */; };
		50E06BE01BB77BDA00A9F5CE /* Main.storyboard in Resources */ = {isa = PBXBuildFile; fileRef = 50E06BDE1BB77BDA00A9F5CE /* Main.storyboard */; };
		50E06BE21BB77BDA00A9F5CE /* Images.xcassets in Resources */ = {isa = PBXBuildFile; fileRef = 50E06BE11BB77BDA00A9F5CE /* Images.xcassets */; };
		50E06BE51BB77BDA00A9F5CE /* LaunchScreen.xib in Resources */ = {isa = PBXBuildFile; fileRef = 50E06BE31BB77BDA00A9F5CE /* LaunchScreen.xib */; };
		50E06BF11BB77BDA00A9F5CE /* ble_testTests.m in Sources */ = {isa = PBXBuildFile; fileRef = 50E06BF01BB77BDA00A9F5CE /* ble_testTests.m */; };
/* End PBXBuildFile section */

/* Begin PBXContainerItemProxy section */
		50E06BEB1BB77BDA00A9F5CE /* PBXContainerItemProxy */ = {
			isa = PBXContainerItemProxy;
			containerPortal = 50E06BC91BB77BDA00A9F5CE /* Project object */;
			proxyType = 1;
			remoteGlobalIDString = 50E06BD01BB77BDA00A9F5CE;
			remoteInfo = ble_test;
		};
/* End PBXContainerItemProxy section */

/* Begin PBXFileReference section */
		50E06BD11BB77BDA00A9F5CE /* ble_test.app */ = {isa = PBXFileReference; explicitFileType = wrapper.application; includeInIndex = 0; path = ble_test.app; sourceTree = BUILT_PRODUCTS_DIR; };
		50E06BD51BB77BDA00A9F5CE /* Info.plist */ = {isa = PBXFileReference; lastKnownFileType = text.plist.xml; path = Info.plist; sourceTree = "<group>"; };
		50E06BD61BB77BDA00A9F5CE /* main.m */ = {isa = PBXFileReference; lastKnownFileType = sourcecode.c.objc; path = main.m; sourceTree = "<group>"; };
		50E06BD81BB77BDA00A9F5CE /* AppDelegate.h */ = {isa = PBXFileReference; lastKnownFileType = sourcecode.c.h; path = AppDelegate.h; sourceTree = "<group>"; };
		50E06BD91BB77BDA00A9F5CE /* AppDelegate.m */ = {isa = PBXFileReference; lastKnownFileType = sourcecode.c.objc; path = AppDelegate.m; sourceTree = "<group>"; };
		50E06BDB1BB77BDA00A9F5CE /* ViewController.h */ = {isa = PBXFileReference; lastKnownFileType = sourcecode.c.h; path = ViewController.h; sourceTree = "<group>"; };
		50E06BDC1BB77BDA00A9F5CE /* ViewController.m */ = {isa = PBXFileReference; lastKnownFileType = sourcecode.c.objc; path = ViewController.m; sourceTree = "<group>"; };
		50E06BDF1BB77BDA00A9F5CE /* Base */ = {isa = PBXFileReference; lastKnownFileType = file.storyboard; name = Base; path = Base.lproj/Main.storyboard; sourceTree = "<group>"; };
		50E06BE11BB77BDA00A9F5CE /* Images.xcassets */ = {isa = PBXFileReference; lastKnownFileType = folder.assetcatalog; path = Images.xcassets; sourceTree = "<group>"; };
		50E06BE41BB77BDA00A9F5CE /* Base */ = {isa = PBXFileReference; lastKnownFileType = file.xib; name = Base; path = Base.lproj/LaunchScreen.xib; sourceTree = "<group>"; };
		50E06BEA1BB77BDA00A9F5CE /* ble_testTests.xctest */ = {isa = PBXFileReference; explicitFileType = wrapper.cfbundle; includeInIndex = 0; path = ble_testTests.xctest; sourceTree = BUILT_PRODUCTS_DIR; };
		50E06BEF1BB77BDA00A9F5CE /* Info.plist */ = {isa = PBXFileReference; lastKnownFileType = text.plist.xml; path = Info.plist; sourceTree = "<group>"; };
		50E06BF01BB77BDA00A9F5CE /* ble_testTests.m */ = {isa = PBXFileReference; lastKnownFileType = sourcecode.c.objc; path = ble_testTests.m; sourceTree = "<group>"; };
/* End PBXFileReference section */

/* Begin PBXFrameworksBuildPhase section */
		50E06BCE1BB77BDA00A9F5CE /* Frameworks */ = {
			isa = PBXFrameworksBuildPhase;
			buildActionMask = 2147483647;
			files = (
			);
			runOnlyForDeploymentPostprocessing = 0;
		};
		50E06BE71BB77BDA00A9F5CE /* Frameworks */ = {
			isa = PBXFrameworksBuildPhase;
			buildActionMask = 2147483647;
			files = (
			);
			runOnlyForDeploymentPostprocessing = 0;
		};
/* End PBXFrameworksBuildPhase section */

/* Begin PBXGroup section */
		50E06BC81BB77BDA00A9F5CE = {
			isa = PBXGroup;
			children = (
				50E06BD31BB77BDA00A9F5CE /* ble_test */,
				50E06BED1BB77BDA00A9F5CE /* ble_testTests */,
				50E06BD21BB77BDA00A9F5CE /* Products */,
			);
			sourceTree = "<group>";
		};
		50E06BD21BB77BDA00A9F5CE /* Products */ = {
			isa = PBXGroup;
			children = (
				50E06BD11BB77BDA00A9F5CE /* ble_test.app */,
				50E06BEA1BB77BDA00A9F5CE /* ble_testTests.xctest */,
			);
			name = Products;
			sourceTree = "<group>";
		};
		50E06BD31BB77BDA00A9F5CE /* ble_test */ = {
			isa = PBXGroup;
			children = (
				50E06BD81BB77BDA00A9F5CE /* AppDelegate.h */,
				50E06BD91BB77BDA00A9F5CE /* AppDelegate.m */,
				50E06BDB1BB77BDA00A9F5CE /* ViewController.h */,
				50E06BDC1BB77BDA00A9F5CE /* ViewController.m */,
				50E06BDE1BB77BDA00A9F5CE /* Main.storyboard */,
				50E06BE11BB77BDA00A9F5CE /* Images.xcassets */,
				50E06BE31BB77BDA00A9F5CE /* LaunchScreen.xib */,
				50E06BD41BB77BDA00A9F5CE /* Supporting Files */,
			);
			path = ble_test;
			sourceTree = "<group>";
		};
		50E06BD41BB77BDA00A9F5CE /* Supporting Files */ = {
			isa = PBXGroup;
			children = (
				50E06BD51BB77BDA00A9F5CE /* Info.plist */,
				50E06BD61BB77BDA00A9F5CE /* main.m */,
			);
			name = "Supporting Files";
			sourceTree = "<group>";
		};
		50E06BED1BB77BDA00A9F5CE /* ble_testTests */ = {
			isa = PBXGroup;
			children = (
				50E06BF01BB77BDA00A9F5CE /* ble_testTests.m */,
				50E06BEE1BB77BDA00A9F5CE /* Supporting Files */,
			);
			path = ble_testTests;
			sourceTree = "<group>";
		};
		50E06BEE1BB77BDA00A9F5CE /* Supporting Files */ = {
			isa = PBXGroup;
			children = (
				50E06BEF1BB77BDA00A9F5CE /* Info.plist */,
			);
			name = "Supporting Files";
			sourceTree = "<group>";
		};
/* End PBXGroup section */

/* Begin PBXNativeTarget section */
		50E06BD01BB77BDA00A9F5CE /* ble_test */ = {
			isa = PBXNativeTarget;
			buildConfigurationList = 50E06BF41BB77BDA00A9F5CE /* Build configuration list for PBXNativeTarget "ble_test" */;
			buildPhases = (
				50E06BCD1BB77BDA00A9F5CE /* Sources */,
				50E06BCE1BB77BDA00A9F5CE /* Frameworks */,
				50E06BCF1BB77BDA00A9F5CE /* Resources */,
			);
			buildRules = (
			);
			dependencies = (
			);
			name = ble_test;
			productName = ble_test;
			productReference = 50E06BD11BB77BDA00A9F5CE /* ble_test.app */;
			productType = "com.apple.product-type.application";
		};
		50E06BE91BB77BDA00A9F5CE /* ble_testTests */ = {
			isa = PBXNativeTarget;
			buildConfigurationList = 50E06BF71BB77BDA00A9F5CE /* Build configuration list for PBXNativeTarget "ble_testTests" */;
			buildPhases = (
				50E06BE61BB77BDA00A9F5CE /* Sources */,
				50E06BE71BB77BDA00A9F5CE /* Frameworks */,
				50E06BE81BB77BDA00A9F5CE /* Resources */,
			);
			buildRules = (
			);
			dependencies = (
				50E06BEC1BB77BDA00A9F5CE /* PBXTargetDependency */,
			);
			name = ble_testTests;
			productName = ble_testTests;
			productReference = 50E06BEA1BB77BDA00A9F5CE /* ble_testTests.xctest */;
			productType = "com.apple.product-type.bundle.unit-test";
		};
/* End PBXNativeTarget section */

/* Begin PBXProject section */
		50E06BC91BB77BDA00A9F5CE /* Project object */ = {
			isa = PBXProject;
			attributes = {
				LastUpgradeCheck = 0700;
				ORGANIZATIONNAME = "Takayuki Yamamoto";
				TargetAttributes = {
					50E06BD01BB77BDA00A9F5CE = {
						CreatedOnToolsVersion = 6.4;
					};
					50E06BE91BB77BDA00A9F5CE = {
						CreatedOnToolsVersion = 6.4;
						TestTargetID = 50E06BD01BB77BDA00A9F5CE;
					};
				};
			};
			buildConfigurationList = 50E06BCC1BB77BDA00A9F5CE /* Build configuration list for PBXProject "ble_test" */;
			compatibilityVersion = "Xcode 3.2";
			developmentRegion = English;
			hasScannedForEncodings = 0;
			knownRegions = (
				en,
				Base,
			);
			mainGroup = 50E06BC81BB77BDA00A9F5CE;
			productRefGroup = 50E06BD21BB77BDA00A9F5CE /* Products */;
			projectDirPath = "";
			projectRoot = "";
			targets = (
				50E06BD01BB77BDA00A9F5CE /* ble_test */,
				50E06BE91BB77BDA00A9F5CE /* ble_testTests */,
			);
		};
/* End PBXProject section */

/* Begin PBXResourcesBuildPhase section */
		50E06BCF1BB77BDA00A9F5CE /* Resources */ = {
			isa = PBXResourcesBuildPhase;
			buildActionMask = 2147483647;
			files = (
				50E06BE01BB77BDA00A9F5CE /* Main.storyboard in Resources */,
				50E06BE51BB77BDA00A9F5CE /* LaunchScreen.xib in Resources */,
				50E06BE21BB77BDA00A9F5CE /* Images.xcassets in Resources */,
			);
			runOnlyForDeploymentPostprocessing = 0;
		};
		50E06BE81BB77BDA00A9F5CE /* Resources */ = {
			isa = PBXResourcesBuildPhase;
			buildActionMask = 2147483647;
			files = (
			);
			runOnlyForDeploymentPostprocessing = 0;
		};
/* End PBXResourcesBuildPhase section */

/* Begin PBXSourcesBuildPhase section */
		50E06BCD1BB77BDA00A9F5CE /* Sources */ = {
			isa = PBXSourcesBuildPhase;
			buildActionMask = 2147483647;
			files = (
				50E06BDD1BB77BDA00A9F5CE /* ViewController.m in Sources */,
				50E06BDA1BB77BDA00A9F5CE /* AppDelegate.m in Sources */,
				50E06BD71BB77BDA00A9F5CE /* main.m in Sources */,
			);
			runOnlyForDeploymentPostprocessing = 0;
		};
		50E06BE61BB77BDA00A9F5CE /* Sources */ = {
			isa = PBXSourcesBuildPhase;
			buildActionMask = 2147483647;
			files = (
				50E06BF11BB77BDA00A9F5CE /* ble_testTests.m in Sources */,
			);
			runOnlyForDeploymentPostprocessing = 0;
		};
/* End PBXSourcesBuildPhase section */

/* Begin PBXTargetDependency section */
		50E06BEC1BB77BDA00A9F5CE /* PBXTargetDependency */ = {
			isa = PBXTargetDependency;
			target = 50E06BD01BB77BDA00A9F5CE /* ble_test */;
			targetProxy = 50E06BEB1BB77BDA00A9F5CE /* PBXContainerItemProxy */;
		};
/* End PBXTargetDependency section */

/* Begin PBXVariantGroup section */
		50E06BDE1BB77BDA00A9F5CE /* Main.storyboard */ = {
			isa = PBXVariantGroup;
			children = (
				50E06BDF1BB77BDA00A9F5CE /* Base */,
			);
			name = Main.storyboard;
			sourceTree = "<group>";
		};
		50E06BE31BB77BDA00A9F5CE /* LaunchScreen.xib */ = {
			isa = PBXVariantGroup;
			children = (
				50E06BE41BB77BDA00A9F5CE /* Base */,
			);
			name = LaunchScreen.xib;
			sourceTree = "<group>";
		};
/* End PBXVariantGroup section */

/* Begin XCBuildConfiguration section */
		50E06BF21BB77BDA00A9F5CE /* Debug */ = {
			isa = XCBuildConfiguration;
			buildSettings = {
				ALWAYS_SEARCH_USER_PATHS = NO;
				CLANG_CXX_LANGUAGE_STANDARD = "gnu++0x";
				CLANG_CXX_LIBRARY = "libc++";
				CLANG_ENABLE_MODULES = YES;
				CLANG_ENABLE_OBJC_ARC = YES;
				CLANG_WARN_BOOL_CONVERSION = YES;
				CLANG_WARN_CONSTANT_CONVERSION = YES;
				CLANG_WARN_DIRECT_OBJC_ISA_USAGE = YES_ERROR;
				CLANG_WARN_EMPTY_BODY = YES;
				CLANG_WARN_ENUM_CONVERSION = YES;
				CLANG_WARN_INT_CONVERSION = YES;
				CLANG_WARN_OBJC_ROOT_CLASS = YES_ERROR;
				CLANG_WARN_UNREACHABLE_CODE = YES;
				CLANG_WARN__DUPLICATE_METHOD_MATCH = YES;
				"CODE_SIGN_IDENTITY[sdk=iphoneos*]" = "iPhone Developer";
				COPY_PHASE_STRIP = NO;
				DEBUG_INFORMATION_FORMAT = "dwarf-with-dsym";
				ENABLE_STRICT_OBJC_MSGSEND = YES;
				ENABLE_TESTABILITY = YES;
				GCC_C_LANGUAGE_STANDARD = gnu99;
				GCC_DYNAMIC_NO_PIC = NO;
				GCC_NO_COMMON_BLOCKS = YES;
				GCC_OPTIMIZATION_LEVEL = 0;
				GCC_PREPROCESSOR_DEFINITIONS = (
					"DEBUG=1",
					"$(inherited)",
				);
				GCC_SYMBOLS_PRIVATE_EXTERN = NO;
				GCC_WARN_64_TO_32_BIT_CONVERSION = YES;
				GCC_WARN_ABOUT_RETURN_TYPE = YES_ERROR;
				GCC_WARN_UNDECLARED_SELECTOR = YES;
				GCC_WARN_UNINITIALIZED_AUTOS = YES_AGGRESSIVE;
				GCC_WARN_UNUSED_FUNCTION = YES;
				GCC_WARN_UNUSED_VARIABLE = YES;
				IPHONEOS_DEPLOYMENT_TARGET = 9.0;
				MTL_ENABLE_DEBUG_INFO = YES;
				ONLY_ACTIVE_ARCH = YES;
				SDKROOT = iphoneos;
			};
			name = Debug;
		};
		50E06BF31BB77BDA00A9F5CE /* Release */ = {
			isa = XCBuildConfiguration;
			buildSettings = {
				ALWAYS_SEARCH_USER_PATHS = NO;
				CLANG_CXX_LANGUAGE_STANDARD = "gnu++0x";
				CLANG_CXX_LIBRARY = "libc++";
				CLANG_ENABLE_MODULES = YES;
				CLANG_ENABLE_OBJC_ARC = YES;
				CLANG_WARN_BOOL_CONVERSION = YES;
				CLANG_WARN_CONSTANT_CONVERSION = YES;
				CLANG_WARN_DIRECT_OBJC_ISA_USAGE = YES_ERROR;
				CLANG_WARN_EMPTY_BODY = YES;
				CLANG_WARN_ENUM_CONVERSION = YES;
				CLANG_WARN_INT_CONVERSION = YES;
				CLANG_WARN_OBJC_ROOT_CLASS = YES_ERROR;
				CLANG_WARN_UNREACHABLE_CODE = YES;
				CLANG_WARN__DUPLICATE_METHOD_MATCH = YES;
				"CODE_SIGN_IDENTITY[sdk=iphoneos*]" = "iPhone Developer";
				COPY_PHASE_STRIP = NO;
				DEBUG_INFORMATION_FORMAT = "dwarf-with-dsym";
				ENABLE_NS_ASSERTIONS = NO;
				ENABLE_STRICT_OBJC_MSGSEND = YES;
				GCC_C_LANGUAGE_STANDARD = gnu99;
				GCC_NO_COMMON_BLOCKS = YES;
				GCC_WARN_64_TO_32_BIT_CONVERSION = YES;
				GCC_WARN_ABOUT_RETURN_TYPE = YES_ERROR;
				GCC_WARN_UNDECLARED_SELECTOR = YES;
				GCC_WARN_UNINITIALIZED_AUTOS = YES_AGGRESSIVE;
				GCC_WARN_UNUSED_FUNCTION = YES;
				GCC_WARN_UNUSED_VARIABLE = YES;
				IPHONEOS_DEPLOYMENT_TARGET = 9.0;
				MTL_ENABLE_DEBUG_INFO = NO;
				SDKROOT = iphoneos;
				VALIDATE_PRODUCT = YES;
			};
			name = Release;
		};
		50E06BF51BB77BDA00A9F5CE /* Debug */ = {
			isa = XCBuildConfiguration;
			buildSettings = {
				ASSETCATALOG_COMPILER_APPICON_NAME = AppIcon;
				INFOPLIST_FILE = ble_test/Info.plist;
				IPHONEOS_DEPLOYMENT_TARGET = 9.0;
				LD_RUNPATH_SEARCH_PATHS = "$(inherited) @executable_path/Frameworks";
				PRODUCT_BUNDLE_IDENTIFIER = "yamao.$(PRODUCT_NAME:rfc1034identifier)";
				PRODUCT_NAME = "$(TARGET_NAME)";
				TARGETED_DEVICE_FAMILY = 1;
			};
			name = Debug;
		};
		50E06BF61BB77BDA00A9F5CE /* Release */ = {
			isa = XCBuildConfiguration;
			buildSettings = {
				ASSETCATALOG_COMPILER_APPICON_NAME = AppIcon;
				INFOPLIST_FILE = ble_test/Info.plist;
				IPHONEOS_DEPLOYMENT_TARGET = 9.0;
				LD_RUNPATH_SEARCH_PATHS = "$(inherited) @executable_path/Frameworks";
				PRODUCT_BUNDLE_IDENTIFIER = "yamao.$(PRODUCT_NAME:rfc1034identifier)";
				PRODUCT_NAME = "$(TARGET_NAME)";
				TARGETED_DEVICE_FAMILY = 1;
			};
			name = Release;
		};
		50E06BF81BB77BDA00A9F5CE /* Debug */ = {
			isa = XCBuildConfiguration;
			buildSettings = {
				BUNDLE_LOADER = "$(TEST_HOST)";
				FRAMEWORK_SEARCH_PATHS = (
					"$(SDKROOT)/Developer/Library/Frameworks",
					"$(inherited)",
				);
				GCC_PREPROCESSOR_DEFINITIONS = (
					"DEBUG=1",
					"$(inherited)",
				);
				INFOPLIST_FILE = ble_testTests/Info.plist;
				LD_RUNPATH_SEARCH_PATHS = "$(inherited) @executable_path/Frameworks @loader_path/Frameworks";
				PRODUCT_BUNDLE_IDENTIFIER = "yamao.$(PRODUCT_NAME:rfc1034identifier)";
				PRODUCT_NAME = "$(TARGET_NAME)";
				TEST_HOST = "$(BUILT_PRODUCTS_DIR)/ble_test.app/ble_test";
			};
			name = Debug;
		};
		50E06BF91BB77BDA00A9F5CE /* Release */ = {
			isa = XCBuildConfiguration;
			buildSettings = {
				BUNDLE_LOADER = "$(TEST_HOST)";
				FRAMEWORK_SEARCH_PATHS = (
					"$(SDKROOT)/Developer/Library/Frameworks",
					"$(inherited)",
				);
				INFOPLIST_FILE = ble_testTests/Info.plist;
				LD_RUNPATH_SEARCH_PATHS = "$(inherited) @executable_path/Frameworks @loader_path/Frameworks";
				PRODUCT_BUNDLE_IDENTIFIER = "yamao.$(PRODUCT_NAME:rfc1034identifier)";
				PRODUCT_NAME = "$(TARGET_NAME)";
				TEST_HOST = "$(BUILT_PRODUCTS_DIR)/ble_test.app/ble_test";
			};
			name = Release;
		};
/* End XCBuildConfiguration section */

/* Begin XCConfigurationList section */
		50E06BCC1BB77BDA00A9F5CE /* Build configuration list for PBXProject "ble_test" */ = {
			isa = XCConfigurationList;
			buildConfigurations = (
				50E06BF21BB77BDA00A9F5CE /* Debug */,
				50E06BF31BB77BDA00A9F5CE /* Release */,
			);
			defaultConfigurationIsVisible = 0;
			defaultConfigurationName = Release;
		};
		50E06BF41BB77BDA00A9F5CE /* Build configuration list for PBXNativeTarget "ble_test" */ = {
			isa = XCConfigurationList;
			buildConfigurations = (
				50E06BF51BB77BDA00A9F5CE /* Debug */,
				50E06BF61BB77BDA00A9F5CE /* Release */,
			);
			defaultConfigurationIsVisible = 0;
			defaultConfigurationName = Release;
		};
		50E06BF71BB77BDA00A9F5CE /* Build configuration list for PBXNativeTarget "ble_testTests" */ = {
			isa = XCConfigurationList;
			buildConfigurations = (
				50E06BF81BB77BDA00A9F5CE /* Debug */,
				50E06BF91BB77BDA00A9F5CE /* Release */,
			);
			defaultConfigurationIsVisible = 0;
			defaultConfigurationName = Release;
		};
/* End XCConfigurationList section */
	};
	rootObject = 50E06BC91BB77BDA00A9F5CE /* Project object */;
}
